// !$*UTF8*$!
{
	archiveVersion = 1;
	classes = {
	};
	objectVersion = 46;
	objects = {

/* Begin PBXBuildFile section */
		110BB4FA1F207C6400086841 /* AppDelegate.swift in Sources */ = {isa = PBXBuildFile; fileRef = 110BB4F91F207C6400086841 /* AppDelegate.swift */; };
		110BB4FC1F207C6400086841 /* ViewController.swift in Sources */ = {isa = PBXBuildFile; fileRef = 110BB4FB1F207C6400086841 /* ViewController.swift */; };
		110BB4FF1F207C6400086841 /* Main.storyboard in Resources */ = {isa = PBXBuildFile; fileRef = 110BB4FD1F207C6400086841 /* Main.storyboard */; };
		110BB5011F207C6400086841 /* Assets.xcassets in Resources */ = {isa = PBXBuildFile; fileRef = 110BB5001F207C6400086841 /* Assets.xcassets */; };
		110BB5041F207C6400086841 /* LaunchScreen.storyboard in Resources */ = {isa = PBXBuildFile; fileRef = 110BB5021F207C6400086841 /* LaunchScreen.storyboard */; };
		110BB50F1F207C6400086841 /* ManaGuideTests.swift in Sources */ = {isa = PBXBuildFile; fileRef = 110BB50E1F207C6400086841 /* ManaGuideTests.swift */; };
		110BB51A1F207C6400086841 /* ManaGuideUITests.swift in Sources */ = {isa = PBXBuildFile; fileRef = 110BB5191F207C6400086841 /* ManaGuideUITests.swift */; };
		110BB52A1F20891D00086841 /* FeaturedViewController.swift in Sources */ = {isa = PBXBuildFile; fileRef = 110BB5291F20891D00086841 /* FeaturedViewController.swift */; };
		110BB52B1F20891D00086841 /* FeaturedViewController.swift in Sources */ = {isa = PBXBuildFile; fileRef = 110BB5291F20891D00086841 /* FeaturedViewController.swift */; };
		110BB52D1F20892B00086841 /* SearchViewController.swift in Sources */ = {isa = PBXBuildFile; fileRef = 110BB52C1F20892B00086841 /* SearchViewController.swift */; };
		110BB52E1F20892B00086841 /* SearchViewController.swift in Sources */ = {isa = PBXBuildFile; fileRef = 110BB52C1F20892B00086841 /* SearchViewController.swift */; };
		1147B7491F21F340004EF296 /* SliderTableViewCell.swift in Sources */ = {isa = PBXBuildFile; fileRef = 1147B7471F21F340004EF296 /* SliderTableViewCell.swift */; };
		1147B74A1F21F340004EF296 /* SliderTableViewCell.swift in Sources */ = {isa = PBXBuildFile; fileRef = 1147B7471F21F340004EF296 /* SliderTableViewCell.swift */; };
		1147B74B1F21F340004EF296 /* SliderTableViewCell.xib in Resources */ = {isa = PBXBuildFile; fileRef = 1147B7481F21F340004EF296 /* SliderTableViewCell.xib */; };
		1147B74C1F21F340004EF296 /* SliderTableViewCell.xib in Resources */ = {isa = PBXBuildFile; fileRef = 1147B7481F21F340004EF296 /* SliderTableViewCell.xib */; };
		1147B7571F223607004EF296 /* SetsViewController.swift in Sources */ = {isa = PBXBuildFile; fileRef = 1147B7561F223607004EF296 /* SetsViewController.swift */; };
		1147B7581F223607004EF296 /* SetsViewController.swift in Sources */ = {isa = PBXBuildFile; fileRef = 1147B7561F223607004EF296 /* SetsViewController.swift */; };
		1147B75A1F22379F004EF296 /* BaseViewController.swift in Sources */ = {isa = PBXBuildFile; fileRef = 1147B7591F22379F004EF296 /* BaseViewController.swift */; };
		1147B75B1F22379F004EF296 /* BaseViewController.swift in Sources */ = {isa = PBXBuildFile; fileRef = 1147B7591F22379F004EF296 /* BaseViewController.swift */; };
		1147B75E1F223820004EF296 /* SetItemSliderCollectionViewCell.swift in Sources */ = {isa = PBXBuildFile; fileRef = 1147B75C1F223820004EF296 /* SetItemSliderCollectionViewCell.swift */; };
		1147B75F1F223820004EF296 /* SetItemSliderCollectionViewCell.swift in Sources */ = {isa = PBXBuildFile; fileRef = 1147B75C1F223820004EF296 /* SetItemSliderCollectionViewCell.swift */; };
		1147B7601F223820004EF296 /* SetItemSliderCollectionViewCell.xib in Resources */ = {isa = PBXBuildFile; fileRef = 1147B75D1F223820004EF296 /* SetItemSliderCollectionViewCell.xib */; };
		1147B7611F223820004EF296 /* SetItemSliderCollectionViewCell.xib in Resources */ = {isa = PBXBuildFile; fileRef = 1147B75D1F223820004EF296 /* SetItemSliderCollectionViewCell.xib */; };
		74354F476842033081184C2B /* Pods_ManaGuide.framework in Frameworks */ = {isa = PBXBuildFile; fileRef = CBC4619D8E82345F50B95062 /* Pods_ManaGuide.framework */; };
		C6B3BF0EAEFDFD7753AABDCA /* Pods_ManaGuideUITests.framework in Frameworks */ = {isa = PBXBuildFile; fileRef = 5D468E164F8FD81E252338DF /* Pods_ManaGuideUITests.framework */; };
		CF25780178833B6EA5E11C6F /* Pods_ManaGuideTests.framework in Frameworks */ = {isa = PBXBuildFile; fileRef = D5D11A42B4FA676E10149FA9 /* Pods_ManaGuideTests.framework */; };
/* End PBXBuildFile section */

/* Begin PBXContainerItemProxy section */
		110BB50B1F207C6400086841 /* PBXContainerItemProxy */ = {
			isa = PBXContainerItemProxy;
			containerPortal = 110BB4EE1F207C6400086841 /* Project object */;
			proxyType = 1;
			remoteGlobalIDString = 110BB4F51F207C6400086841;
			remoteInfo = ManaGuide;
		};
		110BB5161F207C6400086841 /* PBXContainerItemProxy */ = {
			isa = PBXContainerItemProxy;
			containerPortal = 110BB4EE1F207C6400086841 /* Project object */;
			proxyType = 1;
			remoteGlobalIDString = 110BB4F51F207C6400086841;
			remoteInfo = ManaGuide;
		};
/* End PBXContainerItemProxy section */

/* Begin PBXFileReference section */
		110BB4F61F207C6400086841 /* ManaGuide.app */ = {isa = PBXFileReference; explicitFileType = wrapper.application; includeInIndex = 0; path = ManaGuide.app; sourceTree = BUILT_PRODUCTS_DIR; };
		110BB4F91F207C6400086841 /* AppDelegate.swift */ = {isa = PBXFileReference; lastKnownFileType = sourcecode.swift; path = AppDelegate.swift; sourceTree = "<group>"; };
		110BB4FB1F207C6400086841 /* ViewController.swift */ = {isa = PBXFileReference; lastKnownFileType = sourcecode.swift; path = ViewController.swift; sourceTree = "<group>"; };
		110BB4FE1F207C6400086841 /* Base */ = {isa = PBXFileReference; lastKnownFileType = file.storyboard; name = Base; path = Base.lproj/Main.storyboard; sourceTree = "<group>"; };
		110BB5001F207C6400086841 /* Assets.xcassets */ = {isa = PBXFileReference; lastKnownFileType = folder.assetcatalog; path = Assets.xcassets; sourceTree = "<group>"; };
		110BB5031F207C6400086841 /* Base */ = {isa = PBXFileReference; lastKnownFileType = file.storyboard; name = Base; path = Base.lproj/LaunchScreen.storyboard; sourceTree = "<group>"; };
		110BB5051F207C6400086841 /* Info.plist */ = {isa = PBXFileReference; lastKnownFileType = text.plist.xml; path = Info.plist; sourceTree = "<group>"; };
		110BB50A1F207C6400086841 /* ManaGuideTests.xctest */ = {isa = PBXFileReference; explicitFileType = wrapper.cfbundle; includeInIndex = 0; path = ManaGuideTests.xctest; sourceTree = BUILT_PRODUCTS_DIR; };
		110BB50E1F207C6400086841 /* ManaGuideTests.swift */ = {isa = PBXFileReference; lastKnownFileType = sourcecode.swift; path = ManaGuideTests.swift; sourceTree = "<group>"; };
		110BB5101F207C6400086841 /* Info.plist */ = {isa = PBXFileReference; lastKnownFileType = text.plist.xml; path = Info.plist; sourceTree = "<group>"; };
		110BB5151F207C6400086841 /* ManaGuideUITests.xctest */ = {isa = PBXFileReference; explicitFileType = wrapper.cfbundle; includeInIndex = 0; path = ManaGuideUITests.xctest; sourceTree = BUILT_PRODUCTS_DIR; };
		110BB5191F207C6400086841 /* ManaGuideUITests.swift */ = {isa = PBXFileReference; lastKnownFileType = sourcecode.swift; path = ManaGuideUITests.swift; sourceTree = "<group>"; };
		110BB51B1F207C6400086841 /* Info.plist */ = {isa = PBXFileReference; lastKnownFileType = text.plist.xml; path = Info.plist; sourceTree = "<group>"; };
		110BB5291F20891D00086841 /* FeaturedViewController.swift */ = {isa = PBXFileReference; fileEncoding = 4; lastKnownFileType = sourcecode.swift; path = FeaturedViewController.swift; sourceTree = "<group>"; };
		110BB52C1F20892B00086841 /* SearchViewController.swift */ = {isa = PBXFileReference; fileEncoding = 4; lastKnownFileType = sourcecode.swift; path = SearchViewController.swift; sourceTree = "<group>"; };
		1147B7471F21F340004EF296 /* SliderTableViewCell.swift */ = {isa = PBXFileReference; fileEncoding = 4; lastKnownFileType = sourcecode.swift; path = SliderTableViewCell.swift; sourceTree = "<group>"; };
		1147B7481F21F340004EF296 /* SliderTableViewCell.xib */ = {isa = PBXFileReference; fileEncoding = 4; lastKnownFileType = file.xib; path = SliderTableViewCell.xib; sourceTree = "<group>"; };
		1147B7561F223607004EF296 /* SetsViewController.swift */ = {isa = PBXFileReference; fileEncoding = 4; lastKnownFileType = sourcecode.swift; path = SetsViewController.swift; sourceTree = "<group>"; };
		1147B7591F22379F004EF296 /* BaseViewController.swift */ = {isa = PBXFileReference; fileEncoding = 4; lastKnownFileType = sourcecode.swift; path = BaseViewController.swift; sourceTree = "<group>"; };
		1147B75C1F223820004EF296 /* SetItemSliderCollectionViewCell.swift */ = {isa = PBXFileReference; fileEncoding = 4; lastKnownFileType = sourcecode.swift; path = SetItemSliderCollectionViewCell.swift; sourceTree = "<group>"; };
		1147B75D1F223820004EF296 /* SetItemSliderCollectionViewCell.xib */ = {isa = PBXFileReference; fileEncoding = 4; lastKnownFileType = file.xib; path = SetItemSliderCollectionViewCell.xib; sourceTree = "<group>"; };
		16CE1263B7BD598033CE1752 /* Pods-ManaGuideUITests.debug.xcconfig */ = {isa = PBXFileReference; includeInIndex = 1; lastKnownFileType = text.xcconfig; name = "Pods-ManaGuideUITests.debug.xcconfig"; path = "Pods/Target Support Files/Pods-ManaGuideUITests/Pods-ManaGuideUITests.debug.xcconfig"; sourceTree = "<group>"; };
		24D1EA6B21F1DF4EBD57196F /* Pods-ManaGuide.debug.xcconfig */ = {isa = PBXFileReference; includeInIndex = 1; lastKnownFileType = text.xcconfig; name = "Pods-ManaGuide.debug.xcconfig"; path = "Pods/Target Support Files/Pods-ManaGuide/Pods-ManaGuide.debug.xcconfig"; sourceTree = "<group>"; };
		2C8C1EAFD37CC486643EE4F2 /* Pods-ManaGuideUITests.release.xcconfig */ = {isa = PBXFileReference; includeInIndex = 1; lastKnownFileType = text.xcconfig; name = "Pods-ManaGuideUITests.release.xcconfig"; path = "Pods/Target Support Files/Pods-ManaGuideUITests/Pods-ManaGuideUITests.release.xcconfig"; sourceTree = "<group>"; };
		5D468E164F8FD81E252338DF /* Pods_ManaGuideUITests.framework */ = {isa = PBXFileReference; explicitFileType = wrapper.framework; includeInIndex = 0; path = Pods_ManaGuideUITests.framework; sourceTree = BUILT_PRODUCTS_DIR; };
		989B0970F49E42E2CB5E566B /* Pods-ManaGuide.release.xcconfig */ = {isa = PBXFileReference; includeInIndex = 1; lastKnownFileType = text.xcconfig; name = "Pods-ManaGuide.release.xcconfig"; path = "Pods/Target Support Files/Pods-ManaGuide/Pods-ManaGuide.release.xcconfig"; sourceTree = "<group>"; };
		C4CE1DB1E2C9DB75A64D04D9 /* Pods-ManaGuideTests.debug.xcconfig */ = {isa = PBXFileReference; includeInIndex = 1; lastKnownFileType = text.xcconfig; name = "Pods-ManaGuideTests.debug.xcconfig"; path = "Pods/Target Support Files/Pods-ManaGuideTests/Pods-ManaGuideTests.debug.xcconfig"; sourceTree = "<group>"; };
		CBC4619D8E82345F50B95062 /* Pods_ManaGuide.framework */ = {isa = PBXFileReference; explicitFileType = wrapper.framework; includeInIndex = 0; path = Pods_ManaGuide.framework; sourceTree = BUILT_PRODUCTS_DIR; };
		CEBCED249B0EC6D5748BA775 /* Pods-ManaGuideTests.release.xcconfig */ = {isa = PBXFileReference; includeInIndex = 1; lastKnownFileType = text.xcconfig; name = "Pods-ManaGuideTests.release.xcconfig"; path = "Pods/Target Support Files/Pods-ManaGuideTests/Pods-ManaGuideTests.release.xcconfig"; sourceTree = "<group>"; };
		D5D11A42B4FA676E10149FA9 /* Pods_ManaGuideTests.framework */ = {isa = PBXFileReference; explicitFileType = wrapper.framework; includeInIndex = 0; path = Pods_ManaGuideTests.framework; sourceTree = BUILT_PRODUCTS_DIR; };
/* End PBXFileReference section */

/* Begin PBXFrameworksBuildPhase section */
		110BB4F31F207C6400086841 /* Frameworks */ = {
			isa = PBXFrameworksBuildPhase;
			buildActionMask = 2147483647;
			files = (
				74354F476842033081184C2B /* Pods_ManaGuide.framework in Frameworks */,
			);
			runOnlyForDeploymentPostprocessing = 0;
		};
		110BB5071F207C6400086841 /* Frameworks */ = {
			isa = PBXFrameworksBuildPhase;
			buildActionMask = 2147483647;
			files = (
				CF25780178833B6EA5E11C6F /* Pods_ManaGuideTests.framework in Frameworks */,
			);
			runOnlyForDeploymentPostprocessing = 0;
		};
		110BB5121F207C6400086841 /* Frameworks */ = {
			isa = PBXFrameworksBuildPhase;
			buildActionMask = 2147483647;
			files = (
				C6B3BF0EAEFDFD7753AABDCA /* Pods_ManaGuideUITests.framework in Frameworks */,
			);
			runOnlyForDeploymentPostprocessing = 0;
		};
/* End PBXFrameworksBuildPhase section */

/* Begin PBXGroup section */
		03BD118F4D04FAC79E85A558 /* Frameworks */ = {
			isa = PBXGroup;
			children = (
				CBC4619D8E82345F50B95062 /* Pods_ManaGuide.framework */,
				D5D11A42B4FA676E10149FA9 /* Pods_ManaGuideTests.framework */,
				5D468E164F8FD81E252338DF /* Pods_ManaGuideUITests.framework */,
			);
			name = Frameworks;
			sourceTree = "<group>";
		};
		110BB4ED1F207C6400086841 = {
			isa = PBXGroup;
			children = (
				110BB4F81F207C6400086841 /* ManaGuide */,
				110BB50D1F207C6400086841 /* ManaGuideTests */,
				110BB5181F207C6400086841 /* ManaGuideUITests */,
				110BB4F71F207C6400086841 /* Products */,
				CCCF4703A6CA69F4288EC386 /* Pods */,
				03BD118F4D04FAC79E85A558 /* Frameworks */,
			);
			sourceTree = "<group>";
		};
		110BB4F71F207C6400086841 /* Products */ = {
			isa = PBXGroup;
			children = (
				110BB4F61F207C6400086841 /* ManaGuide.app */,
				110BB50A1F207C6400086841 /* ManaGuideTests.xctest */,
				110BB5151F207C6400086841 /* ManaGuideUITests.xctest */,
			);
			name = Products;
			sourceTree = "<group>";
		};
		110BB4F81F207C6400086841 /* ManaGuide */ = {
			isa = PBXGroup;
			children = (
				110BB4F91F207C6400086841 /* AppDelegate.swift */,
				110BB5001F207C6400086841 /* Assets.xcassets */,
				110BB5281F2084E100086841 /* Controller */,
				110BB5051F207C6400086841 /* Info.plist */,
				110BB5271F2084D600086841 /* View */,
				110BB4FB1F207C6400086841 /* ViewController.swift */,
			);
			path = ManaGuide;
			sourceTree = "<group>";
		};
		110BB50D1F207C6400086841 /* ManaGuideTests */ = {
			isa = PBXGroup;
			children = (
				110BB50E1F207C6400086841 /* ManaGuideTests.swift */,
				110BB5101F207C6400086841 /* Info.plist */,
			);
			path = ManaGuideTests;
			sourceTree = "<group>";
		};
		110BB5181F207C6400086841 /* ManaGuideUITests */ = {
			isa = PBXGroup;
			children = (
				110BB5191F207C6400086841 /* ManaGuideUITests.swift */,
				110BB51B1F207C6400086841 /* Info.plist */,
			);
			path = ManaGuideUITests;
			sourceTree = "<group>";
		};
		110BB5271F2084D600086841 /* View */ = {
			isa = PBXGroup;
			children = (
				110BB5021F207C6400086841 /* LaunchScreen.storyboard */,
				110BB4FD1F207C6400086841 /* Main.storyboard */,
				1147B75C1F223820004EF296 /* SetItemSliderCollectionViewCell.swift */,
				1147B75D1F223820004EF296 /* SetItemSliderCollectionViewCell.xib */,
				1147B7471F21F340004EF296 /* SliderTableViewCell.swift */,
				1147B7481F21F340004EF296 /* SliderTableViewCell.xib */,
			);
			name = View;
			sourceTree = "<group>";
		};
		110BB5281F2084E100086841 /* Controller */ = {
			isa = PBXGroup;
			children = (
				1147B7591F22379F004EF296 /* BaseViewController.swift */,
				110BB5291F20891D00086841 /* FeaturedViewController.swift */,
				110BB52C1F20892B00086841 /* SearchViewController.swift */,
				1147B7561F223607004EF296 /* SetsViewController.swift */,
			);
			name = Controller;
			sourceTree = "<group>";
		};
		CCCF4703A6CA69F4288EC386 /* Pods */ = {
			isa = PBXGroup;
			children = (
				24D1EA6B21F1DF4EBD57196F /* Pods-ManaGuide.debug.xcconfig */,
				989B0970F49E42E2CB5E566B /* Pods-ManaGuide.release.xcconfig */,
				C4CE1DB1E2C9DB75A64D04D9 /* Pods-ManaGuideTests.debug.xcconfig */,
				CEBCED249B0EC6D5748BA775 /* Pods-ManaGuideTests.release.xcconfig */,
				16CE1263B7BD598033CE1752 /* Pods-ManaGuideUITests.debug.xcconfig */,
				2C8C1EAFD37CC486643EE4F2 /* Pods-ManaGuideUITests.release.xcconfig */,
			);
			name = Pods;
			sourceTree = "<group>";
		};
/* End PBXGroup section */

/* Begin PBXNativeTarget section */
		110BB4F51F207C6400086841 /* ManaGuide */ = {
			isa = PBXNativeTarget;
			buildConfigurationList = 110BB51E1F207C6400086841 /* Build configuration list for PBXNativeTarget "ManaGuide" */;
			buildPhases = (
				75448CC0BC16063980C15B96 /* [CP] Check Pods Manifest.lock */,
				110BB4F21F207C6400086841 /* Sources */,
				110BB4F31F207C6400086841 /* Frameworks */,
				110BB4F41F207C6400086841 /* Resources */,
				DD119EE3221F00201FB8B75A /* [CP] Embed Pods Frameworks */,
				C84A2E2EEA8DBA304B266881 /* [CP] Copy Pods Resources */,
			);
			buildRules = (
			);
			dependencies = (
			);
			name = ManaGuide;
			productName = ManaGuide;
			productReference = 110BB4F61F207C6400086841 /* ManaGuide.app */;
			productType = "com.apple.product-type.application";
		};
		110BB5091F207C6400086841 /* ManaGuideTests */ = {
			isa = PBXNativeTarget;
			buildConfigurationList = 110BB5211F207C6400086841 /* Build configuration list for PBXNativeTarget "ManaGuideTests" */;
			buildPhases = (
				1DBE3EEE5711DC8325E64394 /* [CP] Check Pods Manifest.lock */,
				110BB5061F207C6400086841 /* Sources */,
				110BB5071F207C6400086841 /* Frameworks */,
				110BB5081F207C6400086841 /* Resources */,
				10F7D6621DE99E00E34BEA25 /* [CP] Embed Pods Frameworks */,
				BECADA25020CF9BBFD953B71 /* [CP] Copy Pods Resources */,
			);
			buildRules = (
			);
			dependencies = (
				110BB50C1F207C6400086841 /* PBXTargetDependency */,
			);
			name = ManaGuideTests;
			productName = ManaGuideTests;
			productReference = 110BB50A1F207C6400086841 /* ManaGuideTests.xctest */;
			productType = "com.apple.product-type.bundle.unit-test";
		};
		110BB5141F207C6400086841 /* ManaGuideUITests */ = {
			isa = PBXNativeTarget;
			buildConfigurationList = 110BB5241F207C6400086841 /* Build configuration list for PBXNativeTarget "ManaGuideUITests" */;
			buildPhases = (
				196EB69E6D6D3B988C04F612 /* [CP] Check Pods Manifest.lock */,
				110BB5111F207C6400086841 /* Sources */,
				110BB5121F207C6400086841 /* Frameworks */,
				110BB5131F207C6400086841 /* Resources */,
				A7DB7D9C459E8927B402AC66 /* [CP] Embed Pods Frameworks */,
				00FD7999DE1B4EB68F8F782D /* [CP] Copy Pods Resources */,
			);
			buildRules = (
			);
			dependencies = (
				110BB5171F207C6400086841 /* PBXTargetDependency */,
			);
			name = ManaGuideUITests;
			productName = ManaGuideUITests;
			productReference = 110BB5151F207C6400086841 /* ManaGuideUITests.xctest */;
			productType = "com.apple.product-type.bundle.ui-testing";
		};
/* End PBXNativeTarget section */

/* Begin PBXProject section */
		110BB4EE1F207C6400086841 /* Project object */ = {
			isa = PBXProject;
			attributes = {
				LastSwiftUpdateCheck = 0830;
				LastUpgradeCheck = 0830;
				ORGANIZATIONNAME = "Jovito Royeca";
				TargetAttributes = {
					110BB4F51F207C6400086841 = {
						CreatedOnToolsVersion = 8.3.3;
						DevelopmentTeam = 43CD66539H;
						ProvisioningStyle = Automatic;
					};
					110BB5091F207C6400086841 = {
						CreatedOnToolsVersion = 8.3.3;
						DevelopmentTeam = 43CD66539H;
						ProvisioningStyle = Automatic;
						TestTargetID = 110BB4F51F207C6400086841;
					};
					110BB5141F207C6400086841 = {
						CreatedOnToolsVersion = 8.3.3;
						DevelopmentTeam = 43CD66539H;
						ProvisioningStyle = Automatic;
						TestTargetID = 110BB4F51F207C6400086841;
					};
				};
			};
			buildConfigurationList = 110BB4F11F207C6400086841 /* Build configuration list for PBXProject "ManaGuide" */;
			compatibilityVersion = "Xcode 3.2";
			developmentRegion = English;
			hasScannedForEncodings = 0;
			knownRegions = (
				en,
				Base,
			);
			mainGroup = 110BB4ED1F207C6400086841;
			productRefGroup = 110BB4F71F207C6400086841 /* Products */;
			projectDirPath = "";
			projectRoot = "";
			targets = (
				110BB4F51F207C6400086841 /* ManaGuide */,
				110BB5091F207C6400086841 /* ManaGuideTests */,
				110BB5141F207C6400086841 /* ManaGuideUITests */,
			);
		};
/* End PBXProject section */

/* Begin PBXResourcesBuildPhase section */
		110BB4F41F207C6400086841 /* Resources */ = {
			isa = PBXResourcesBuildPhase;
			buildActionMask = 2147483647;
			files = (
				110BB5041F207C6400086841 /* LaunchScreen.storyboard in Resources */,
				110BB5011F207C6400086841 /* Assets.xcassets in Resources */,
				1147B74B1F21F340004EF296 /* SliderTableViewCell.xib in Resources */,
				110BB4FF1F207C6400086841 /* Main.storyboard in Resources */,
				1147B7601F223820004EF296 /* SetItemSliderCollectionViewCell.xib in Resources */,
			);
			runOnlyForDeploymentPostprocessing = 0;
		};
		110BB5081F207C6400086841 /* Resources */ = {
			isa = PBXResourcesBuildPhase;
			buildActionMask = 2147483647;
			files = (
			);
			runOnlyForDeploymentPostprocessing = 0;
		};
		110BB5131F207C6400086841 /* Resources */ = {
			isa = PBXResourcesBuildPhase;
			buildActionMask = 2147483647;
			files = (
				1147B74C1F21F340004EF296 /* SliderTableViewCell.xib in Resources */,
				1147B7611F223820004EF296 /* SetItemSliderCollectionViewCell.xib in Resources */,
			);
			runOnlyForDeploymentPostprocessing = 0;
		};
/* End PBXResourcesBuildPhase section */

/* Begin PBXShellScriptBuildPhase section */
		00FD7999DE1B4EB68F8F782D /* [CP] Copy Pods Resources */ = {
			isa = PBXShellScriptBuildPhase;
			buildActionMask = 2147483647;
			files = (
			);
			inputPaths = (
			);
			name = "[CP] Copy Pods Resources";
			outputPaths = (
			);
			runOnlyForDeploymentPostprocessing = 0;
			shellPath = /bin/sh;
			shellScript = "\"${SRCROOT}/Pods/Target Support Files/Pods-ManaGuideUITests/Pods-ManaGuideUITests-resources.sh\"\n";
			showEnvVarsInLog = 0;
		};
		10F7D6621DE99E00E34BEA25 /* [CP] Embed Pods Frameworks */ = {
			isa = PBXShellScriptBuildPhase;
			buildActionMask = 2147483647;
			files = (
			);
			inputPaths = (
				"${SRCROOT}/Pods/Target Support Files/Pods-ManaGuideTests/Pods-ManaGuideTests-frameworks.sh",
				"${BUILT_PRODUCTS_DIR}/DATASource/DATASource.framework",
				"${BUILT_PRODUCTS_DIR}/DATAStack/DATAStack.framework",
				"${BUILT_PRODUCTS_DIR}/Kanna/Kanna.framework",
				"${BUILT_PRODUCTS_DIR}/MBProgressHUD/MBProgressHUD.framework",
				"${BUILT_PRODUCTS_DIR}/MMDrawerController/MMDrawerController.framework",
				"${BUILT_PRODUCTS_DIR}/MMDrawerController+Storyboard/MMDrawerController_Storyboard.framework",
				"${BUILT_PRODUCTS_DIR}/ManaKit/ManaKit.framework",
				"${BUILT_PRODUCTS_DIR}/Networking/Networking.framework",
				"${BUILT_PRODUCTS_DIR}/ReachabilitySwift/ReachabilitySwift.framework",
				"${BUILT_PRODUCTS_DIR}/SSZipArchive/SSZipArchive.framework",
				"${BUILT_PRODUCTS_DIR}/Sync/Sync.framework",
			);
			name = "[CP] Embed Pods Frameworks";
			outputPaths = (
				"${TARGET_BUILD_DIR}/${FRAMEWORKS_FOLDER_PATH}/DATASource.framework",
				"${TARGET_BUILD_DIR}/${FRAMEWORKS_FOLDER_PATH}/DATAStack.framework",
				"${TARGET_BUILD_DIR}/${FRAMEWORKS_FOLDER_PATH}/Kanna.framework",
				"${TARGET_BUILD_DIR}/${FRAMEWORKS_FOLDER_PATH}/MBProgressHUD.framework",
				"${TARGET_BUILD_DIR}/${FRAMEWORKS_FOLDER_PATH}/MMDrawerController.framework",
				"${TARGET_BUILD_DIR}/${FRAMEWORKS_FOLDER_PATH}/MMDrawerController_Storyboard.framework",
				"${TARGET_BUILD_DIR}/${FRAMEWORKS_FOLDER_PATH}/ManaKit.framework",
				"${TARGET_BUILD_DIR}/${FRAMEWORKS_FOLDER_PATH}/Networking.framework",
				"${TARGET_BUILD_DIR}/${FRAMEWORKS_FOLDER_PATH}/ReachabilitySwift.framework",
				"${TARGET_BUILD_DIR}/${FRAMEWORKS_FOLDER_PATH}/SSZipArchive.framework",
				"${TARGET_BUILD_DIR}/${FRAMEWORKS_FOLDER_PATH}/Sync.framework",
			);
			runOnlyForDeploymentPostprocessing = 0;
			shellPath = /bin/sh;
			shellScript = "\"${SRCROOT}/Pods/Target Support Files/Pods-ManaGuideTests/Pods-ManaGuideTests-frameworks.sh\"\n";
			showEnvVarsInLog = 0;
		};
		196EB69E6D6D3B988C04F612 /* [CP] Check Pods Manifest.lock */ = {
			isa = PBXShellScriptBuildPhase;
			buildActionMask = 2147483647;
			files = (
			);
			inputPaths = (
				"${PODS_PODFILE_DIR_PATH}/Podfile.lock",
				"${PODS_ROOT}/Manifest.lock",
			);
			name = "[CP] Check Pods Manifest.lock";
			outputPaths = (
				"$(DERIVED_FILE_DIR)/Pods-ManaGuideUITests-checkManifestLockResult.txt",
			);
			runOnlyForDeploymentPostprocessing = 0;
			shellPath = /bin/sh;
			shellScript = "diff \"${PODS_PODFILE_DIR_PATH}/Podfile.lock\" \"${PODS_ROOT}/Manifest.lock\" > /dev/null\nif [ $? != 0 ] ; then\n    # print error to STDERR\n    echo \"error: The sandbox is not in sync with the Podfile.lock. Run 'pod install' or update your CocoaPods installation.\" >&2\n    exit 1\nfi\n# This output is used by Xcode 'outputs' to avoid re-running this script phase.\necho \"SUCCESS\" > \"${SCRIPT_OUTPUT_FILE_0}\"\n";
			showEnvVarsInLog = 0;
		};
		1DBE3EEE5711DC8325E64394 /* [CP] Check Pods Manifest.lock */ = {
			isa = PBXShellScriptBuildPhase;
			buildActionMask = 2147483647;
			files = (
			);
			inputPaths = (
				"${PODS_PODFILE_DIR_PATH}/Podfile.lock",
				"${PODS_ROOT}/Manifest.lock",
			);
			name = "[CP] Check Pods Manifest.lock";
			outputPaths = (
				"$(DERIVED_FILE_DIR)/Pods-ManaGuideTests-checkManifestLockResult.txt",
			);
			runOnlyForDeploymentPostprocessing = 0;
			shellPath = /bin/sh;
			shellScript = "diff \"${PODS_PODFILE_DIR_PATH}/Podfile.lock\" \"${PODS_ROOT}/Manifest.lock\" > /dev/null\nif [ $? != 0 ] ; then\n    # print error to STDERR\n    echo \"error: The sandbox is not in sync with the Podfile.lock. Run 'pod install' or update your CocoaPods installation.\" >&2\n    exit 1\nfi\n# This output is used by Xcode 'outputs' to avoid re-running this script phase.\necho \"SUCCESS\" > \"${SCRIPT_OUTPUT_FILE_0}\"\n";
			showEnvVarsInLog = 0;
		};
		75448CC0BC16063980C15B96 /* [CP] Check Pods Manifest.lock */ = {
			isa = PBXShellScriptBuildPhase;
			buildActionMask = 2147483647;
			files = (
			);
			inputPaths = (
				"${PODS_PODFILE_DIR_PATH}/Podfile.lock",
				"${PODS_ROOT}/Manifest.lock",
			);
			name = "[CP] Check Pods Manifest.lock";
			outputPaths = (
				"$(DERIVED_FILE_DIR)/Pods-ManaGuide-checkManifestLockResult.txt",
			);
			runOnlyForDeploymentPostprocessing = 0;
			shellPath = /bin/sh;
			shellScript = "diff \"${PODS_PODFILE_DIR_PATH}/Podfile.lock\" \"${PODS_ROOT}/Manifest.lock\" > /dev/null\nif [ $? != 0 ] ; then\n    # print error to STDERR\n    echo \"error: The sandbox is not in sync with the Podfile.lock. Run 'pod install' or update your CocoaPods installation.\" >&2\n    exit 1\nfi\n# This output is used by Xcode 'outputs' to avoid re-running this script phase.\necho \"SUCCESS\" > \"${SCRIPT_OUTPUT_FILE_0}\"\n";
			showEnvVarsInLog = 0;
		};
		A7DB7D9C459E8927B402AC66 /* [CP] Embed Pods Frameworks */ = {
			isa = PBXShellScriptBuildPhase;
			buildActionMask = 2147483647;
			files = (
			);
			inputPaths = (
				"${SRCROOT}/Pods/Target Support Files/Pods-ManaGuideUITests/Pods-ManaGuideUITests-frameworks.sh",
				"${BUILT_PRODUCTS_DIR}/DATASource/DATASource.framework",
				"${BUILT_PRODUCTS_DIR}/DATAStack/DATAStack.framework",
				"${BUILT_PRODUCTS_DIR}/Kanna/Kanna.framework",
				"${BUILT_PRODUCTS_DIR}/MBProgressHUD/MBProgressHUD.framework",
				"${BUILT_PRODUCTS_DIR}/MMDrawerController/MMDrawerController.framework",
				"${BUILT_PRODUCTS_DIR}/MMDrawerController+Storyboard/MMDrawerController_Storyboard.framework",
				"${BUILT_PRODUCTS_DIR}/ManaKit/ManaKit.framework",
				"${BUILT_PRODUCTS_DIR}/Networking/Networking.framework",
				"${BUILT_PRODUCTS_DIR}/ReachabilitySwift/ReachabilitySwift.framework",
				"${BUILT_PRODUCTS_DIR}/SSZipArchive/SSZipArchive.framework",
				"${BUILT_PRODUCTS_DIR}/Sync/Sync.framework",
			);
			name = "[CP] Embed Pods Frameworks";
			outputPaths = (
				"${TARGET_BUILD_DIR}/${FRAMEWORKS_FOLDER_PATH}/DATASource.framework",
				"${TARGET_BUILD_DIR}/${FRAMEWORKS_FOLDER_PATH}/DATAStack.framework",
				"${TARGET_BUILD_DIR}/${FRAMEWORKS_FOLDER_PATH}/Kanna.framework",
				"${TARGET_BUILD_DIR}/${FRAMEWORKS_FOLDER_PATH}/MBProgressHUD.framework",
				"${TARGET_BUILD_DIR}/${FRAMEWORKS_FOLDER_PATH}/MMDrawerController.framework",
				"${TARGET_BUILD_DIR}/${FRAMEWORKS_FOLDER_PATH}/MMDrawerController_Storyboard.framework",
				"${TARGET_BUILD_DIR}/${FRAMEWORKS_FOLDER_PATH}/ManaKit.framework",
				"${TARGET_BUILD_DIR}/${FRAMEWORKS_FOLDER_PATH}/Networking.framework",
				"${TARGET_BUILD_DIR}/${FRAMEWORKS_FOLDER_PATH}/ReachabilitySwift.framework",
				"${TARGET_BUILD_DIR}/${FRAMEWORKS_FOLDER_PATH}/SSZipArchive.framework",
				"${TARGET_BUILD_DIR}/${FRAMEWORKS_FOLDER_PATH}/Sync.framework",
			);
			runOnlyForDeploymentPostprocessing = 0;
			shellPath = /bin/sh;
			shellScript = "\"${SRCROOT}/Pods/Target Support Files/Pods-ManaGuideUITests/Pods-ManaGuideUITests-frameworks.sh\"\n";
			showEnvVarsInLog = 0;
		};
		BECADA25020CF9BBFD953B71 /* [CP] Copy Pods Resources */ = {
			isa = PBXShellScriptBuildPhase;
			buildActionMask = 2147483647;
			files = (
			);
			inputPaths = (
			);
			name = "[CP] Copy Pods Resources";
			outputPaths = (
			);
			runOnlyForDeploymentPostprocessing = 0;
			shellPath = /bin/sh;
			shellScript = "\"${SRCROOT}/Pods/Target Support Files/Pods-ManaGuideTests/Pods-ManaGuideTests-resources.sh\"\n";
			showEnvVarsInLog = 0;
		};
		C84A2E2EEA8DBA304B266881 /* [CP] Copy Pods Resources */ = {
			isa = PBXShellScriptBuildPhase;
			buildActionMask = 2147483647;
			files = (
			);
			inputPaths = (
			);
			name = "[CP] Copy Pods Resources";
			outputPaths = (
			);
			runOnlyForDeploymentPostprocessing = 0;
			shellPath = /bin/sh;
			shellScript = "\"${SRCROOT}/Pods/Target Support Files/Pods-ManaGuide/Pods-ManaGuide-resources.sh\"\n";
			showEnvVarsInLog = 0;
		};
		DD119EE3221F00201FB8B75A /* [CP] Embed Pods Frameworks */ = {
			isa = PBXShellScriptBuildPhase;
			buildActionMask = 2147483647;
			files = (
			);
			inputPaths = (
				"${SRCROOT}/Pods/Target Support Files/Pods-ManaGuide/Pods-ManaGuide-frameworks.sh",
				"${BUILT_PRODUCTS_DIR}/DATASource/DATASource.framework",
				"${BUILT_PRODUCTS_DIR}/DATAStack/DATAStack.framework",
				"${BUILT_PRODUCTS_DIR}/Kanna/Kanna.framework",
				"${BUILT_PRODUCTS_DIR}/MBProgressHUD/MBProgressHUD.framework",
				"${BUILT_PRODUCTS_DIR}/MMDrawerController/MMDrawerController.framework",
				"${BUILT_PRODUCTS_DIR}/MMDrawerController+Storyboard/MMDrawerController_Storyboard.framework",
				"${BUILT_PRODUCTS_DIR}/ManaKit/ManaKit.framework",
				"${BUILT_PRODUCTS_DIR}/Networking/Networking.framework",
				"${BUILT_PRODUCTS_DIR}/ReachabilitySwift/ReachabilitySwift.framework",
				"${BUILT_PRODUCTS_DIR}/SSZipArchive/SSZipArchive.framework",
				"${BUILT_PRODUCTS_DIR}/Sync/Sync.framework",
			);
			name = "[CP] Embed Pods Frameworks";
			outputPaths = (
				"${TARGET_BUILD_DIR}/${FRAMEWORKS_FOLDER_PATH}/DATASource.framework",
				"${TARGET_BUILD_DIR}/${FRAMEWORKS_FOLDER_PATH}/DATAStack.framework",
				"${TARGET_BUILD_DIR}/${FRAMEWORKS_FOLDER_PATH}/Kanna.framework",
				"${TARGET_BUILD_DIR}/${FRAMEWORKS_FOLDER_PATH}/MBProgressHUD.framework",
				"${TARGET_BUILD_DIR}/${FRAMEWORKS_FOLDER_PATH}/MMDrawerController.framework",
				"${TARGET_BUILD_DIR}/${FRAMEWORKS_FOLDER_PATH}/MMDrawerController_Storyboard.framework",
				"${TARGET_BUILD_DIR}/${FRAMEWORKS_FOLDER_PATH}/ManaKit.framework",
				"${TARGET_BUILD_DIR}/${FRAMEWORKS_FOLDER_PATH}/Networking.framework",
				"${TARGET_BUILD_DIR}/${FRAMEWORKS_FOLDER_PATH}/ReachabilitySwift.framework",
				"${TARGET_BUILD_DIR}/${FRAMEWORKS_FOLDER_PATH}/SSZipArchive.framework",
				"${TARGET_BUILD_DIR}/${FRAMEWORKS_FOLDER_PATH}/Sync.framework",
			);
			runOnlyForDeploymentPostprocessing = 0;
			shellPath = /bin/sh;
			shellScript = "\"${SRCROOT}/Pods/Target Support Files/Pods-ManaGuide/Pods-ManaGuide-frameworks.sh\"\n";
			showEnvVarsInLog = 0;
		};
/* End PBXShellScriptBuildPhase section */

/* Begin PBXSourcesBuildPhase section */
		110BB4F21F207C6400086841 /* Sources */ = {
			isa = PBXSourcesBuildPhase;
			buildActionMask = 2147483647;
			files = (
				1147B7571F223607004EF296 /* SetsViewController.swift in Sources */,
				110BB4FC1F207C6400086841 /* ViewController.swift in Sources */,
				110BB4FA1F207C6400086841 /* AppDelegate.swift in Sources */,
				110BB52D1F20892B00086841 /* SearchViewController.swift in Sources */,
				1147B75E1F223820004EF296 /* SetItemSliderCollectionViewCell.swift in Sources */,
				1147B75A1F22379F004EF296 /* BaseViewController.swift in Sources */,
				110BB52A1F20891D00086841 /* FeaturedViewController.swift in Sources */,
				1147B7491F21F340004EF296 /* SliderTableViewCell.swift in Sources */,
			);
			runOnlyForDeploymentPostprocessing = 0;
		};
		110BB5061F207C6400086841 /* Sources */ = {
			isa = PBXSourcesBuildPhase;
			buildActionMask = 2147483647;
			files = (
				110BB50F1F207C6400086841 /* ManaGuideTests.swift in Sources */,
			);
			runOnlyForDeploymentPostprocessing = 0;
		};
		110BB5111F207C6400086841 /* Sources */ = {
			isa = PBXSourcesBuildPhase;
			buildActionMask = 2147483647;
			files = (
				110BB52E1F20892B00086841 /* SearchViewController.swift in Sources */,
				1147B7581F223607004EF296 /* SetsViewController.swift in Sources */,
				110BB51A1F207C6400086841 /* ManaGuideUITests.swift in Sources */,
				1147B74A1F21F340004EF296 /* SliderTableViewCell.swift in Sources */,
				1147B75F1F223820004EF296 /* SetItemSliderCollectionViewCell.swift in Sources */,
				1147B75B1F22379F004EF296 /* BaseViewController.swift in Sources */,
				110BB52B1F20891D00086841 /* FeaturedViewController.swift in Sources */,
			);
			runOnlyForDeploymentPostprocessing = 0;
		};
/* End PBXSourcesBuildPhase section */

/* Begin PBXTargetDependency section */
		110BB50C1F207C6400086841 /* PBXTargetDependency */ = {
			isa = PBXTargetDependency;
			target = 110BB4F51F207C6400086841 /* ManaGuide */;
			targetProxy = 110BB50B1F207C6400086841 /* PBXContainerItemProxy */;
		};
		110BB5171F207C6400086841 /* PBXTargetDependency */ = {
			isa = PBXTargetDependency;
			target = 110BB4F51F207C6400086841 /* ManaGuide */;
			targetProxy = 110BB5161F207C6400086841 /* PBXContainerItemProxy */;
		};
/* End PBXTargetDependency section */

/* Begin PBXVariantGroup section */
		110BB4FD1F207C6400086841 /* Main.storyboard */ = {
			isa = PBXVariantGroup;
			children = (
				110BB4FE1F207C6400086841 /* Base */,
			);
			name = Main.storyboard;
			sourceTree = "<group>";
		};
		110BB5021F207C6400086841 /* LaunchScreen.storyboard */ = {
			isa = PBXVariantGroup;
			children = (
				110BB5031F207C6400086841 /* Base */,
			);
			name = LaunchScreen.storyboard;
			sourceTree = "<group>";
		};
/* End PBXVariantGroup section */

/* Begin XCBuildConfiguration section */
		110BB51C1F207C6400086841 /* Debug */ = {
			isa = XCBuildConfiguration;
			buildSettings = {
				ALWAYS_SEARCH_USER_PATHS = NO;
				CLANG_ANALYZER_NONNULL = YES;
				CLANG_ANALYZER_NUMBER_OBJECT_CONVERSION = YES_AGGRESSIVE;
				CLANG_CXX_LANGUAGE_STANDARD = "gnu++0x";
				CLANG_CXX_LIBRARY = "libc++";
				CLANG_ENABLE_MODULES = YES;
				CLANG_ENABLE_OBJC_ARC = YES;
				CLANG_WARN_BOOL_CONVERSION = YES;
				CLANG_WARN_CONSTANT_CONVERSION = YES;
				CLANG_WARN_DIRECT_OBJC_ISA_USAGE = YES_ERROR;
				CLANG_WARN_DOCUMENTATION_COMMENTS = YES;
				CLANG_WARN_EMPTY_BODY = YES;
				CLANG_WARN_ENUM_CONVERSION = YES;
				CLANG_WARN_INFINITE_RECURSION = YES;
				CLANG_WARN_INT_CONVERSION = YES;
				CLANG_WARN_OBJC_ROOT_CLASS = YES_ERROR;
				CLANG_WARN_SUSPICIOUS_MOVE = YES;
				CLANG_WARN_UNREACHABLE_CODE = YES;
				CLANG_WARN__DUPLICATE_METHOD_MATCH = YES;
				"CODE_SIGN_IDENTITY[sdk=iphoneos*]" = "iPhone Developer";
				COPY_PHASE_STRIP = NO;
				DEBUG_INFORMATION_FORMAT = dwarf;
				ENABLE_STRICT_OBJC_MSGSEND = YES;
				ENABLE_TESTABILITY = YES;
				GCC_C_LANGUAGE_STANDARD = gnu99;
				GCC_DYNAMIC_NO_PIC = NO;
				GCC_NO_COMMON_BLOCKS = YES;
				GCC_OPTIMIZATION_LEVEL = 0;
				GCC_PREPROCESSOR_DEFINITIONS = (
					"DEBUG=1",
					"$(inherited)",
				);
				GCC_WARN_64_TO_32_BIT_CONVERSION = YES;
				GCC_WARN_ABOUT_RETURN_TYPE = YES_ERROR;
				GCC_WARN_UNDECLARED_SELECTOR = YES;
				GCC_WARN_UNINITIALIZED_AUTOS = YES_AGGRESSIVE;
				GCC_WARN_UNUSED_FUNCTION = YES;
				GCC_WARN_UNUSED_VARIABLE = YES;
				IPHONEOS_DEPLOYMENT_TARGET = 10.3;
				MTL_ENABLE_DEBUG_INFO = YES;
				ONLY_ACTIVE_ARCH = YES;
				SDKROOT = iphoneos;
				SWIFT_ACTIVE_COMPILATION_CONDITIONS = DEBUG;
				SWIFT_OPTIMIZATION_LEVEL = "-Onone";
				TARGETED_DEVICE_FAMILY = "1,2";
			};
			name = Debug;
		};
		110BB51D1F207C6400086841 /* Release */ = {
			isa = XCBuildConfiguration;
			buildSettings = {
				ALWAYS_SEARCH_USER_PATHS = NO;
				CLANG_ANALYZER_NONNULL = YES;
				CLANG_ANALYZER_NUMBER_OBJECT_CONVERSION = YES_AGGRESSIVE;
				CLANG_CXX_LANGUAGE_STANDARD = "gnu++0x";
				CLANG_CXX_LIBRARY = "libc++";
				CLANG_ENABLE_MODULES = YES;
				CLANG_ENABLE_OBJC_ARC = YES;
				CLANG_WARN_BOOL_CONVERSION = YES;
				CLANG_WARN_CONSTANT_CONVERSION = YES;
				CLANG_WARN_DIRECT_OBJC_ISA_USAGE = YES_ERROR;
				CLANG_WARN_DOCUMENTATION_COMMENTS = YES;
				CLANG_WARN_EMPTY_BODY = YES;
				CLANG_WARN_ENUM_CONVERSION = YES;
				CLANG_WARN_INFINITE_RECURSION = YES;
				CLANG_WARN_INT_CONVERSION = YES;
				CLANG_WARN_OBJC_ROOT_CLASS = YES_ERROR;
				CLANG_WARN_SUSPICIOUS_MOVE = YES;
				CLANG_WARN_UNREACHABLE_CODE = YES;
				CLANG_WARN__DUPLICATE_METHOD_MATCH = YES;
				"CODE_SIGN_IDENTITY[sdk=iphoneos*]" = "iPhone Developer";
				COPY_PHASE_STRIP = NO;
				DEBUG_INFORMATION_FORMAT = "dwarf-with-dsym";
				ENABLE_NS_ASSERTIONS = NO;
				ENABLE_STRICT_OBJC_MSGSEND = YES;
				GCC_C_LANGUAGE_STANDARD = gnu99;
				GCC_NO_COMMON_BLOCKS = YES;
				GCC_WARN_64_TO_32_BIT_CONVERSION = YES;
				GCC_WARN_ABOUT_RETURN_TYPE = YES_ERROR;
				GCC_WARN_UNDECLARED_SELECTOR = YES;
				GCC_WARN_UNINITIALIZED_AUTOS = YES_AGGRESSIVE;
				GCC_WARN_UNUSED_FUNCTION = YES;
				GCC_WARN_UNUSED_VARIABLE = YES;
				IPHONEOS_DEPLOYMENT_TARGET = 10.3;
				MTL_ENABLE_DEBUG_INFO = NO;
				SDKROOT = iphoneos;
				SWIFT_OPTIMIZATION_LEVEL = "-Owholemodule";
				TARGETED_DEVICE_FAMILY = "1,2";
				VALIDATE_PRODUCT = YES;
			};
			name = Release;
		};
		110BB51F1F207C6400086841 /* Debug */ = {
			isa = XCBuildConfiguration;
			baseConfigurationReference = 24D1EA6B21F1DF4EBD57196F /* Pods-ManaGuide.debug.xcconfig */;
			buildSettings = {
				ASSETCATALOG_COMPILER_APPICON_NAME = AppIcon;
				DEVELOPMENT_TEAM = 43CD66539H;
				INFOPLIST_FILE = ManaGuide/Info.plist;
				LD_RUNPATH_SEARCH_PATHS = "$(inherited) @executable_path/Frameworks";
				PRODUCT_BUNDLE_IDENTIFIER = com.jovitoroyeca.ManaGuide;
				PRODUCT_NAME = "$(TARGET_NAME)";
				SWIFT_VERSION = 3.0;
			};
			name = Debug;
		};
		110BB5201F207C6400086841 /* Release */ = {
			isa = XCBuildConfiguration;
			baseConfigurationReference = 989B0970F49E42E2CB5E566B /* Pods-ManaGuide.release.xcconfig */;
			buildSettings = {
				ASSETCATALOG_COMPILER_APPICON_NAME = AppIcon;
				DEVELOPMENT_TEAM = 43CD66539H;
				INFOPLIST_FILE = ManaGuide/Info.plist;
				LD_RUNPATH_SEARCH_PATHS = "$(inherited) @executable_path/Frameworks";
				PRODUCT_BUNDLE_IDENTIFIER = com.jovitoroyeca.ManaGuide;
				PRODUCT_NAME = "$(TARGET_NAME)";
				SWIFT_VERSION = 3.0;
			};
			name = Release;
		};
		110BB5221F207C6400086841 /* Debug */ = {
			isa = XCBuildConfiguration;
			baseConfigurationReference = C4CE1DB1E2C9DB75A64D04D9 /* Pods-ManaGuideTests.debug.xcconfig */;
			buildSettings = {
				ALWAYS_EMBED_SWIFT_STANDARD_LIBRARIES = YES;
				BUNDLE_LOADER = "$(TEST_HOST)";
				DEVELOPMENT_TEAM = 43CD66539H;
				INFOPLIST_FILE = ManaGuideTests/Info.plist;
				LD_RUNPATH_SEARCH_PATHS = "$(inherited) @executable_path/Frameworks @loader_path/Frameworks";
				PRODUCT_BUNDLE_IDENTIFIER = com.jovitoroyeca.ManaGuideTests;
				PRODUCT_NAME = "$(TARGET_NAME)";
				SWIFT_VERSION = 3.0;
				TEST_HOST = "$(BUILT_PRODUCTS_DIR)/ManaGuide.app/ManaGuide";
			};
			name = Debug;
		};
		110BB5231F207C6400086841 /* Release */ = {
			isa = XCBuildConfiguration;
			baseConfigurationReference = CEBCED249B0EC6D5748BA775 /* Pods-ManaGuideTests.release.xcconfig */;
			buildSettings = {
				ALWAYS_EMBED_SWIFT_STANDARD_LIBRARIES = YES;
				BUNDLE_LOADER = "$(TEST_HOST)";
				DEVELOPMENT_TEAM = 43CD66539H;
				INFOPLIST_FILE = ManaGuideTests/Info.plist;
				LD_RUNPATH_SEARCH_PATHS = "$(inherited) @executable_path/Frameworks @loader_path/Frameworks";
				PRODUCT_BUNDLE_IDENTIFIER = com.jovitoroyeca.ManaGuideTests;
				PRODUCT_NAME = "$(TARGET_NAME)";
				SWIFT_VERSION = 3.0;
				TEST_HOST = "$(BUILT_PRODUCTS_DIR)/ManaGuide.app/ManaGuide";
			};
			name = Release;
		};
		110BB5251F207C6400086841 /* Debug */ = {
			isa = XCBuildConfiguration;
			baseConfigurationReference = 16CE1263B7BD598033CE1752 /* Pods-ManaGuideUITests.debug.xcconfig */;
			buildSettings = {
				ALWAYS_EMBED_SWIFT_STANDARD_LIBRARIES = YES;
				DEVELOPMENT_TEAM = 43CD66539H;
				INFOPLIST_FILE = ManaGuideUITests/Info.plist;
				LD_RUNPATH_SEARCH_PATHS = "$(inherited) @executable_path/Frameworks @loader_path/Frameworks";
				PRODUCT_BUNDLE_IDENTIFIER = com.jovitoroyeca.ManaGuideUITests;
				PRODUCT_NAME = "$(TARGET_NAME)";
				SWIFT_VERSION = 3.0;
				TEST_TARGET_NAME = ManaGuide;
			};
			name = Debug;
		};
		110BB5261F207C6400086841 /* Release */ = {
			isa = XCBuildConfiguration;
			baseConfigurationReference = 2C8C1EAFD37CC486643EE4F2 /* Pods-ManaGuideUITests.release.xcconfig */;
			buildSettings = {
				ALWAYS_EMBED_SWIFT_STANDARD_LIBRARIES = YES;
				DEVELOPMENT_TEAM = 43CD66539H;
				INFOPLIST_FILE = ManaGuideUITests/Info.plist;
				LD_RUNPATH_SEARCH_PATHS = "$(inherited) @executable_path/Frameworks @loader_path/Frameworks";
				PRODUCT_BUNDLE_IDENTIFIER = com.jovitoroyeca.ManaGuideUITests;
				PRODUCT_NAME = "$(TARGET_NAME)";
				SWIFT_VERSION = 3.0;
				TEST_TARGET_NAME = ManaGuide;
			};
			name = Release;
		};
/* End XCBuildConfiguration section */

/* Begin XCConfigurationList section */
		110BB4F11F207C6400086841 /* Build configuration list for PBXProject "ManaGuide" */ = {
			isa = XCConfigurationList;
			buildConfigurations = (
				110BB51C1F207C6400086841 /* Debug */,
				110BB51D1F207C6400086841 /* Release */,
			);
			defaultConfigurationIsVisible = 0;
			defaultConfigurationName = Release;
		};
		110BB51E1F207C6400086841 /* Build configuration list for PBXNativeTarget "ManaGuide" */ = {
			isa = XCConfigurationList;
			buildConfigurations = (
				110BB51F1F207C6400086841 /* Debug */,
				110BB5201F207C6400086841 /* Release */,
			);
			defaultConfigurationIsVisible = 0;
			defaultConfigurationName = Release;
		};
		110BB5211F207C6400086841 /* Build configuration list for PBXNativeTarget "ManaGuideTests" */ = {
			isa = XCConfigurationList;
			buildConfigurations = (
				110BB5221F207C6400086841 /* Debug */,
				110BB5231F207C6400086841 /* Release */,
			);
			defaultConfigurationIsVisible = 0;
			defaultConfigurationName = Release;
		};
		110BB5241F207C6400086841 /* Build configuration list for PBXNativeTarget "ManaGuideUITests" */ = {
			isa = XCConfigurationList;
			buildConfigurations = (
				110BB5251F207C6400086841 /* Debug */,
				110BB5261F207C6400086841 /* Release */,
			);
			defaultConfigurationIsVisible = 0;
			defaultConfigurationName = Release;
		};
/* End XCConfigurationList section */
	};
	rootObject = 110BB4EE1F207C6400086841 /* Project object */;
}
